
Microsoft Visual Studio Solution File, Format Version 12.00
# Visual Studio Version 18
VisualStudioVersion = 18.2.11408.102 d18.0
MinimumVisualStudioVersion = 10.0.40219.1
Project("{9A19103F-16F7-4668-BE54-9A1E7A4F7556}") = "SpareParts.API", "SpareParts.API\SpareParts.API.csproj", "{80079D31-52B6-400A-AA26-F4B177301C95}"
EndProject
Project("{9A19103F-16F7-4668-BE54-9A1E7A4F7556}") = "SpareParts.Shared", "SpareParts.Shared\SpareParts.Shared.csproj", "{42CAB0EA-6837-4699-95F4-90BDB7528D26}"
EndProject
Project("{9A19103F-16F7-4668-BE54-9A1E7A4F7556}") = "SpareParts.Shared.Tests", "SpareParts.Shared.Tests\SpareParts.Shared.Tests.csproj", "{61CD9D49-DC31-4065-BDF0-9D55DB162FA4}"
EndProject
Project("{9A19103F-16F7-4668-BE54-9A1E7A4F7556}") = "SpareParts.Client", "SpareParts.Client\SpareParts.Client.csproj", "{38CF4158-7079-48B3-876B-7F35C02595B4}"
EndProject
Project("{9A19103F-16F7-4668-BE54-9A1E7A4F7556}") = "SpareParts.API.Int.Tests", "SpareParts.API.Int.Tests\SpareParts.API.Int.Tests.csproj", "{E41EFB72-CD97-46B4-8229-765E1B0DF2F7}"
EndProject
Project("{9A19103F-16F7-4668-BE54-9A1E7A4F7556}") = "SpareParts.Browser.Tests", "SpareParts.Browser.Tests\SpareParts.Browser.Tests.csproj", "{BE210B5C-DBE6-4C75-A415-942811F2B0D6}"
EndProject
Project("{9A19103F-16F7-4668-BE54-9A1E7A4F7556}") = "SpareParts.Test.Helpers", "SpareParts.Test.Helpers\SpareParts.Test.Helpers.csproj", "{468A35DE-F447-4A1B-95AC-65D84C54BB04}"
EndProject
Project("{9A19103F-16F7-4668-BE54-9A1E7A4F7556}") = "SpareParts.Client.Tests", "SpareParts.Client.Tests\SpareParts.Client.Tests.csproj", "{F0BB8B2E-A544-4F4B-9149-3DA01D91D96C}"
EndProject
Global
	GlobalSection(SolutionConfigurationPlatforms) = preSolution
		Debug|Any CPU = Debug|Any CPU
		Release|Any CPU = Release|Any CPU
	EndGlobalSection
	GlobalSection(ProjectConfigurationPlatforms) = postSolution
		{80079D31-52B6-400A-AA26-F4B177301C95}.Debug|Any CPU.ActiveCfg = Debug|Any CPU
		{80079D31-52B6-400A-AA26-F4B177301C95}.Debug|Any CPU.Build.0 = Debug|Any CPU
		{80079D31-52B6-400A-AA26-F4B177301C95}.Release|Any CPU.ActiveCfg = Release|Any CPU
		{80079D31-52B6-400A-AA26-F4B177301C95}.Release|Any CPU.Build.0 = Release|Any CPU
		{42CAB0EA-6837-4699-95F4-90BDB7528D26}.Debug|Any CPU.ActiveCfg = Debug|Any CPU
		{42CAB0EA-6837-4699-95F4-90BDB7528D26}.Debug|Any CPU.Build.0 = Debug|Any CPU
		{42CAB0EA-6837-4699-95F4-90BDB7528D26}.Release|Any CPU.ActiveCfg = Release|Any CPU
		{42CAB0EA-6837-4699-95F4-90BDB7528D26}.Release|Any CPU.Build.0 = Release|Any CPU
		{61CD9D49-DC31-4065-BDF0-9D55DB162FA4}.Debug|Any CPU.ActiveCfg = Debug|Any CPU
		{61CD9D49-DC31-4065-BDF0-9D55DB162FA4}.Debug|Any CPU.Build.0 = Debug|Any CPU
		{61CD9D49-DC31-4065-BDF0-9D55DB162FA4}.Release|Any CPU.ActiveCfg = Release|Any CPU
		{61CD9D49-DC31-4065-BDF0-9D55DB162FA4}.Release|Any CPU.Build.0 = Release|Any CPU
		{38CF4158-7079-48B3-876B-7F35C02595B4}.Debug|Any CPU.ActiveCfg = Debug|Any CPU
		{38CF4158-7079-48B3-876B-7F35C02595B4}.Debug|Any CPU.Build.0 = Debug|Any CPU
		{38CF4158-7079-48B3-876B-7F35C02595B4}.Release|Any CPU.ActiveCfg = Release|Any CPU
		{38CF4158-7079-48B3-876B-7F35C02595B4}.Release|Any CPU.Build.0 = Release|Any CPU
		{E41EFB72-CD97-46B4-8229-765E1B0DF2F7}.Debug|Any CPU.ActiveCfg = Debug|Any CPU
		{E41EFB72-CD97-46B4-8229-765E1B0DF2F7}.Debug|Any CPU.Build.0 = Debug|Any CPU
		{E41EFB72-CD97-46B4-8229-765E1B0DF2F7}.Release|Any CPU.ActiveCfg = Release|Any CPU
		{E41EFB72-CD97-46B4-8229-765E1B0DF2F7}.Release|Any CPU.Build.0 = Release|Any CPU
		{BE210B5C-DBE6-4C75-A415-942811F2B0D6}.Debug|Any CPU.ActiveCfg = Debug|Any CPU
		{BE210B5C-DBE6-4C75-A415-942811F2B0D6}.Debug|Any CPU.Build.0 = Debug|Any CPU
		{BE210B5C-DBE6-4C75-A415-942811F2B0D6}.Release|Any CPU.ActiveCfg = Release|Any CPU
		{BE210B5C-DBE6-4C75-A415-942811F2B0D6}.Release|Any CPU.Build.0 = Release|Any CPU
		{468A35DE-F447-4A1B-95AC-65D84C54BB04}.Debug|Any CPU.ActiveCfg = Debug|Any CPU
		{468A35DE-F447-4A1B-95AC-65D84C54BB04}.Debug|Any CPU.Build.0 = Debug|Any CPU
		{468A35DE-F447-4A1B-95AC-65D84C54BB04}.Release|Any CPU.ActiveCfg = Release|Any CPU
		{468A35DE-F447-4A1B-95AC-65D84C54BB04}.Release|Any CPU.Build.0 = Release|Any CPU
		{F0BB8B2E-A544-4F4B-9149-3DA01D91D96C}.Debug|Any CPU.ActiveCfg = Debug|Any CPU
		{F0BB8B2E-A544-4F4B-9149-3DA01D91D96C}.Debug|Any CPU.Build.0 = Debug|Any CPU
		{F0BB8B2E-A544-4F4B-9149-3DA01D91D96C}.Release|Any CPU.ActiveCfg = Release|Any CPU
		{F0BB8B2E-A544-4F4B-9149-3DA01D91D96C}.Release|Any CPU.Build.0 = Release|Any CPU
	EndGlobalSection
	GlobalSection(SolutionProperties) = preSolution
		HideSolutionNode = FALSE
	EndGlobalSection
	GlobalSection(ExtensibilityGlobals) = postSolution
		SolutionGuid = {616123ED-AB9D-4FBB-940B-E303BCD5E0A8}
	EndGlobalSection
EndGlobal
