
Microsoft Visual Studio Solution File, Format Version 12.00
# Visual Studio Version 17
VisualStudioVersion = 17.2.32616.157
MinimumVisualStudioVersion = 10.0.40219.1
Project("{9A19103F-16F7-4668-BE54-9A1E7A4F7556}") = "SpareParts.API", "SpareParts.API\SpareParts.API.csproj", "{80079D31-52B6-400A-AA26-F4B177301C95}"
EndProject
Project("{9A19103F-16F7-4668-BE54-9A1E7A4F7556}") = "SpareParts.Shared", "SpareParts.Shared\SpareParts.Shared.csproj", "{42CAB0EA-6837-4699-95F4-90BDB7528D26}"
EndProject
Project("{9A19103F-16F7-4668-BE54-9A1E7A4F7556}") = "SpareParts.Shared.Tests", "SpareParts.Shared.Tests\SpareParts.Shared.Tests.csproj", "{61CD9D49-DC31-4065-BDF0-9D55DB162FA4}"
EndProject
Project("{9A19103F-16F7-4668-BE54-9A1E7A4F7556}") = "SpareParts.Client", "SpareParts.Client\SpareParts.Client.csproj", "{38CF4158-7079-48B3-876B-7F35C02595B4}"
EndProject
Project("{FAE04EC0-301F-11D3-BF4B-00C04F79EFBC}") = "SpareParts.API.Int.Tests", "SpareParts.API.Int.Tests\SpareParts.API.Int.Tests.csproj", "{E41EFB72-CD97-46B4-8229-765E1B0DF2F7}"
EndProject
Global
	GlobalSection(SolutionConfigurationPlatforms) = preSolution
		Debug|Any CPU = Debug|Any CPU
		Release|Any CPU = Release|Any CPU
	EndGlobalSection
	GlobalSection(ProjectConfigurationPlatforms) = postSolution
		{80079D31-52B6-400A-AA26-F4B177301C95}.Debug|Any CPU.ActiveCfg = Debug|Any CPU
		{80079D31-52B6-400A-AA26-F4B177301C95}.Debug|Any CPU.Build.0 = Debug|Any CPU
		{80079D31-52B6-400A-AA26-F4B177301C95}.Release|Any CPU.ActiveCfg = Release|Any CPU
		{80079D31-52B6-400A-AA26-F4B177301C95}.Release|Any CPU.Build.0 = Release|Any CPU
		{42CAB0EA-6837-4699-95F4-90BDB7528D26}.Debug|Any CPU.ActiveCfg = Debug|Any CPU
		{42CAB0EA-6837-4699-95F4-90BDB7528D26}.Debug|Any CPU.Build.0 = Debug|Any CPU
		{42CAB0EA-6837-4699-95F4-90BDB7528D26}.Release|Any CPU.ActiveCfg = Release|Any CPU
		{42CAB0EA-6837-4699-95F4-90BDB7528D26}.Release|Any CPU.Build.0 = Release|Any CPU
		{61CD9D49-DC31-4065-BDF0-9D55DB162FA4}.Debug|Any CPU.ActiveCfg = Debug|Any CPU
		{61CD9D49-DC31-4065-BDF0-9D55DB162FA4}.Debug|Any CPU.Build.0 = Debug|Any CPU
		{61CD9D49-DC31-4065-BDF0-9D55DB162FA4}.Release|Any CPU.ActiveCfg = Release|Any CPU
		{61CD9D49-DC31-4065-BDF0-9D55DB162FA4}.Release|Any CPU.Build.0 = Release|Any CPU
		{38CF4158-7079-48B3-876B-7F35C02595B4}.Debug|Any CPU.ActiveCfg = Debug|Any CPU
		{38CF4158-7079-48B3-876B-7F35C02595B4}.Debug|Any CPU.Build.0 = Debug|Any CPU
		{38CF4158-7079-48B3-876B-7F35C02595B4}.Release|Any CPU.ActiveCfg = Release|Any CPU
		{38CF4158-7079-48B3-876B-7F35C02595B4}.Release|Any CPU.Build.0 = Release|Any CPU
		{E41EFB72-CD97-46B4-8229-765E1B0DF2F7}.Debug|Any CPU.ActiveCfg = Debug|Any CPU
		{E41EFB72-CD97-46B4-8229-765E1B0DF2F7}.Debug|Any CPU.Build.0 = Debug|Any CPU
		{E41EFB72-CD97-46B4-8229-765E1B0DF2F7}.Release|Any CPU.ActiveCfg = Release|Any CPU
		{E41EFB72-CD97-46B4-8229-765E1B0DF2F7}.Release|Any CPU.Build.0 = Release|Any CPU
	EndGlobalSection
	GlobalSection(SolutionProperties) = preSolution
		HideSolutionNode = FALSE
	EndGlobalSection
	GlobalSection(ExtensibilityGlobals) = postSolution
		SolutionGuid = {616123ED-AB9D-4FBB-940B-E303BCD5E0A8}
	EndGlobalSection
EndGlobal
